
Microsoft Visual Studio Solution File, Format Version 12.00
# Visual Studio Version 17
VisualStudioVersion = 17.4.33103.184
MinimumVisualStudioVersion = 10.0.40219.1
Project("{FAE04EC0-301F-11D3-BF4B-00C04F79EFBC}") = "SecurityApp.Web", "SecurityApp.Web\SecurityApp.Web.csproj", "{EF67514E-80F0-4FFB-BE0A-500605B40DFD}"
EndProject
Global
	GlobalSection(SolutionConfigurationPlatforms) = preSolution
		Debug|Any CPU = Debug|Any CPU
		Release|Any CPU = Release|Any CPU
	EndGlobalSection
	GlobalSection(ProjectConfigurationPlatforms) = postSolution
		{EF67514E-80F0-4FFB-BE0A-500605B40DFD}.Debug|Any CPU.ActiveCfg = Debug|Any CPU
		{EF67514E-80F0-4FFB-BE0A-500605B40DFD}.Debug|Any CPU.Build.0 = Debug|Any CPU
		{EF67514E-80F0-4FFB-BE0A-500605B40DFD}.Release|Any CPU.ActiveCfg = Release|Any CPU
		{EF67514E-80F0-4FFB-BE0A-500605B40DFD}.Release|Any CPU.Build.0 = Release|Any CPU
	EndGlobalSection
	GlobalSection(SolutionProperties) = preSolution
		HideSolutionNode = FALSE
	EndGlobalSection
	GlobalSection(ExtensibilityGlobals) = postSolution
		SolutionGuid = {BCC516FF-DD1E-45BE-8207-63300D743C72}
	EndGlobalSection
EndGlobal
